
Microsoft Visual Studio Solution File, Format Version 12.00
# Visual Studio Version 17
VisualStudioVersion = 17.9.34701.34
MinimumVisualStudioVersion = 10.0.40219.1
Project("{FAE04EC0-301F-11D3-BF4B-00C04F79EFBC}") = "SimpleFileMover8.WebApiLand", "SimpleFileMover8.WebApiLand\SimpleFileMover8.WebApiLand.csproj", "{BC25B171-906B-4E71-B676-229BD2E09AF6}"
EndProject
Project("{FAE04EC0-301F-11D3-BF4B-00C04F79EFBC}") = "SimpleFileMover8.Data", "SimpleFileMover8.Data\SimpleFileMover8.Data.csproj", "{6344A2A8-9617-445B-9D27-D1BAB1B8B9C0}"
EndProject
Global
	GlobalSection(SolutionConfigurationPlatforms) = preSolution
		Debug|Any CPU = Debug|Any CPU
		Release|Any CPU = Release|Any CPU
	EndGlobalSection
	GlobalSection(ProjectConfigurationPlatforms) = postSolution
		{BC25B171-906B-4E71-B676-229BD2E09AF6}.Debug|Any CPU.ActiveCfg = Debug|Any CPU
		{BC25B171-906B-4E71-B676-229BD2E09AF6}.Debug|Any CPU.Build.0 = Debug|Any CPU
		{BC25B171-906B-4E71-B676-229BD2E09AF6}.Release|Any CPU.ActiveCfg = Release|Any CPU
		{BC25B171-906B-4E71-B676-229BD2E09AF6}.Release|Any CPU.Build.0 = Release|Any CPU
		{6344A2A8-9617-445B-9D27-D1BAB1B8B9C0}.Debug|Any CPU.ActiveCfg = Debug|Any CPU
		{6344A2A8-9617-445B-9D27-D1BAB1B8B9C0}.Debug|Any CPU.Build.0 = Debug|Any CPU
		{6344A2A8-9617-445B-9D27-D1BAB1B8B9C0}.Release|Any CPU.ActiveCfg = Release|Any CPU
		{6344A2A8-9617-445B-9D27-D1BAB1B8B9C0}.Release|Any CPU.Build.0 = Release|Any CPU
	EndGlobalSection
	GlobalSection(SolutionProperties) = preSolution
		HideSolutionNode = FALSE
	EndGlobalSection
	GlobalSection(ExtensibilityGlobals) = postSolution
		SolutionGuid = {5AFDBBAE-0EC6-4042-A331-26566251B649}
	EndGlobalSection
EndGlobal
